# This file is @generated by PDM.
# It is not intended for manual editing.

[metadata]
groups = ["default"]
strategy = ["inherit_metadata"]
lock_version = "4.5.0"
content_hash = "sha256:00dd96661bee1590aa18b8ddc4c6d95e292956fae07c12aedfe908bfdb34a97a"

[[metadata.targets]]
requires_python = ">=3.11,<=3.12"

[[package]]
name = "bezier"
version = "2024.6.20"
requires_python = ">=3.10"
summary = "Helper for Bézier Curves, Triangles, and Higher Order Objects"
groups = ["default"]
marker = "python_version >= \"3.11\" and python_version <= \"3.12\""
dependencies = [
    "numpy>=2.0.0",
]
files = [
    {file = "bezier-2024.6.20-cp311-cp311-macosx_14_0_arm64.whl", hash = "sha256:c860cc0e777a06cda9afa019824b9f48578b2964b0ae18ea7cbbe9d1a02066b6"},
    {file = "bezier-2024.6.20-cp311-cp311-macosx_14_0_x86_64.whl", hash = "sha256:28c50de2b7bc7afd19b3115e3f8ecad36bc281bf4eafbc335a7651b801dd3544"},
    {file = "bezier-2024.6.20-cp311-cp311-manylinux_2_17_aarch64.manylinux2014_aarch64.whl", hash = "sha256:29bbecca56d6d152cd566ba626ceab1a95bbaf05205acf680da6d4d5beb0e87b"},
    {file = "bezier-2024.6.20-cp311-cp311-manylinux_2_17_x86_64.manylinux2014_x86_64.whl", hash = "sha256:3d3205f96f982f0dc45e1776d8995d572e228b0dbeab234c0acf4618a2e8dce0"},
    {file = "bezier-2024.6.20-cp311-cp311-win_amd64.whl", hash = "sha256:ab942ec30c73425d7b7020cbde4e1b7bd7792e914fac585565786b205ef54c94"},
    {file = "bezier-2024.6.20-cp312-cp312-macosx_14_0_arm64.whl", hash = "sha256:e18733c1fcf01a08822e6e8a6f86eb6e56067f368e4b09653d25368881765d7d"},
    {file = "bezier-2024.6.20-cp312-cp312-macosx_14_0_x86_64.whl", hash = "sha256:bbe9e09dfee5cd23033aa4caf3b32b3d05d5977604b95b9c4e0220376c3c34b6"},
    {file = "bezier-2024.6.20-cp312-cp312-manylinux_2_17_aarch64.manylinux2014_aarch64.whl", hash = "sha256:5199407fb9ad8bbae313dde49119ee33d684c2f81358082edea97345df6f493c"},
    {file = "bezier-2024.6.20-cp312-cp312-manylinux_2_17_x86_64.manylinux2014_x86_64.whl", hash = "sha256:21241b81f75739e2cfb2f705a9bb6e55489cc2d8a1d2a514b68ca55514aa5f09"},
    {file = "bezier-2024.6.20-cp312-cp312-win_amd64.whl", hash = "sha256:8cf8c3e373440f799a48ccdf51bdd6428ceef5e1dd9bae9eb01711a0a73b8fdc"},
    {file = "bezier-2024.6.20.tar.gz", hash = "sha256:0b46357eb6019f969a583093f66e6b73747d5e41c10d9f3dfe327b2aa43dff8c"},
]

[[package]]
name = "boltons"
version = "25.0.0"
requires_python = ">=3.7"
summary = "When they're not builtins, they're boltons."
groups = ["default"]
marker = "python_version >= \"3.11\" and python_version <= \"3.12\""
files = [
    {file = "boltons-25.0.0-py3-none-any.whl", hash = "sha256:dc9fb38bf28985715497d1b54d00b62ea866eca3938938ea9043e254a3a6ca62"},
    {file = "boltons-25.0.0.tar.gz", hash = "sha256:e110fbdc30b7b9868cb604e3f71d4722dd8f4dcb4a5ddd06028ba8f1ab0b5ace"},
]

[[package]]
name = "cffi"
version = "1.17.1"
requires_python = ">=3.8"
summary = "Foreign Function Interface for Python calling C code."
groups = ["default"]
marker = "python_version >= \"3.11\" and python_version <= \"3.12\""
dependencies = [
    "pycparser",
]
files = [
    {file = "cffi-1.17.1-cp311-cp311-macosx_10_9_x86_64.whl", hash = "sha256:a45e3c6913c5b87b3ff120dcdc03f6131fa0065027d0ed7ee6190736a74cd401"},
    {file = "cffi-1.17.1-cp311-cp311-macosx_11_0_arm64.whl", hash = "sha256:30c5e0cb5ae493c04c8b42916e52ca38079f1b235c2f8ae5f4527b963c401caf"},
    {file = "cffi-1.17.1-cp311-cp311-manylinux_2_12_i686.manylinux2010_i686.manylinux_2_17_i686.manylinux2014_i686.whl", hash = "sha256:f75c7ab1f9e4aca5414ed4d8e5c0e303a34f4421f8a0d47a4d019ceff0ab6af4"},
    {file = "cffi-1.17.1-cp311-cp311-manylinux_2_17_aarch64.manylinux2014_aarch64.whl", hash = "sha256:a1ed2dd2972641495a3ec98445e09766f077aee98a1c896dcb4ad0d303628e41"},
    {file = "cffi-1.17.1-cp311-cp311-manylinux_2_17_ppc64le.manylinux2014_ppc64le.whl", hash = "sha256:46bf43160c1a35f7ec506d254e5c890f3c03648a4dbac12d624e4490a7046cd1"},
    {file = "cffi-1.17.1-cp311-cp311-manylinux_2_17_s390x.manylinux2014_s390x.whl", hash = "sha256:a24ed04c8ffd54b0729c07cee15a81d964e6fee0e3d4d342a27b020d22959dc6"},
    {file = "cffi-1.17.1-cp311-cp311-manylinux_2_17_x86_64.manylinux2014_x86_64.whl", hash = "sha256:610faea79c43e44c71e1ec53a554553fa22321b65fae24889706c0a84d4ad86d"},
    {file = "cffi-1.17.1-cp311-cp311-musllinux_1_1_aarch64.whl", hash = "sha256:a9b15d491f3ad5d692e11f6b71f7857e7835eb677955c00cc0aefcd0669adaf6"},
    {file = "cffi-1.17.1-cp311-cp311-musllinux_1_1_i686.whl", hash = "sha256:de2ea4b5833625383e464549fec1bc395c1bdeeb5f25c4a3a82b5a8c756ec22f"},
    {file = "cffi-1.17.1-cp311-cp311-musllinux_1_1_x86_64.whl", hash = "sha256:fc48c783f9c87e60831201f2cce7f3b2e4846bf4d8728eabe54d60700b318a0b"},
    {file = "cffi-1.17.1-cp311-cp311-win32.whl", hash = "sha256:85a950a4ac9c359340d5963966e3e0a94a676bd6245a4b55bc43949eee26a655"},
    {file = "cffi-1.17.1-cp311-cp311-win_amd64.whl", hash = "sha256:caaf0640ef5f5517f49bc275eca1406b0ffa6aa184892812030f04c2abf589a0"},
    {file = "cffi-1.17.1-cp312-cp312-macosx_10_9_x86_64.whl", hash = "sha256:805b4371bf7197c329fcb3ead37e710d1bca9da5d583f5073b799d5c5bd1eee4"},
    {file = "cffi-1.17.1-cp312-cp312-macosx_11_0_arm64.whl", hash = "sha256:733e99bc2df47476e3848417c5a4540522f234dfd4ef3ab7fafdf555b082ec0c"},
    {file = "cffi-1.17.1-cp312-cp312-manylinux_2_12_i686.manylinux2010_i686.manylinux_2_17_i686.manylinux2014_i686.whl", hash = "sha256:1257bdabf294dceb59f5e70c64a3e2f462c30c7ad68092d01bbbfb1c16b1ba36"},
    {file = "cffi-1.17.1-cp312-cp312-manylinux_2_17_aarch64.manylinux2014_aarch64.whl", hash = "sha256:da95af8214998d77a98cc14e3a3bd00aa191526343078b530ceb0bd710fb48a5"},
    {file = "cffi-1.17.1-cp312-cp312-manylinux_2_17_ppc64le.manylinux2014_ppc64le.whl", hash = "sha256:d63afe322132c194cf832bfec0dc69a99fb9bb6bbd550f161a49e9e855cc78ff"},
    {file = "cffi-1.17.1-cp312-cp312-manylinux_2_17_s390x.manylinux2014_s390x.whl", hash = "sha256:f79fc4fc25f1c8698ff97788206bb3c2598949bfe0fef03d299eb1b5356ada99"},
    {file = "cffi-1.17.1-cp312-cp312-manylinux_2_17_x86_64.manylinux2014_x86_64.whl", hash = "sha256:b62ce867176a75d03a665bad002af8e6d54644fad99a3c70905c543130e39d93"},
    {file = "cffi-1.17.1-cp312-cp312-musllinux_1_1_aarch64.whl", hash = "sha256:386c8bf53c502fff58903061338ce4f4950cbdcb23e2902d86c0f722b786bbe3"},
    {file = "cffi-1.17.1-cp312-cp312-musllinux_1_1_x86_64.whl", hash = "sha256:4ceb10419a9adf4460ea14cfd6bc43d08701f0835e979bf821052f1805850fe8"},
    {file = "cffi-1.17.1-cp312-cp312-win32.whl", hash = "sha256:a08d7e755f8ed21095a310a693525137cfe756ce62d066e53f502a83dc550f65"},
    {file = "cffi-1.17.1-cp312-cp312-win_amd64.whl", hash = "sha256:51392eae71afec0d0c8fb1a53b204dbb3bcabcb3c9b807eedf3e1e6ccf2de903"},
    {file = "cffi-1.17.1.tar.gz", hash = "sha256:1c39c6016c32bc48dd54561950ebd6836e1670f2ae46128f67cf49e789c52824"},
]

[[package]]
name = "colorama"
version = "0.4.6"
requires_python = "!=3.0.*,!=3.1.*,!=3.2.*,!=3.3.*,!=3.4.*,!=3.5.*,!=3.6.*,>=2.7"
summary = "Cross-platform colored terminal text."
groups = ["default"]
marker = "python_version >= \"3.11\" and python_version <= \"3.12\""
files = [
    {file = "colorama-0.4.6-py2.py3-none-any.whl", hash = "sha256:4f1d9991f5acc0ca119f9d443620b77f9d6b33703e51011c16baf57afb285fc6"},
    {file = "colorama-0.4.6.tar.gz", hash = "sha256:08695f5cb7ed6e0531a20572697297273c47b8cae5a63ffc6d6ed5c201be6e44"},
]

[[package]]
name = "frozendict"
version = "2.4.6"
requires_python = ">=3.6"
summary = "A simple immutable dictionary"
groups = ["default"]
marker = "python_version >= \"3.11\" and python_version <= \"3.12\""
files = [
    {file = "frozendict-2.4.6-py311-none-any.whl", hash = "sha256:d065db6a44db2e2375c23eac816f1a022feb2fa98cbb50df44a9e83700accbea"},
    {file = "frozendict-2.4.6-py312-none-any.whl", hash = "sha256:49344abe90fb75f0f9fdefe6d4ef6d4894e640fadab71f11009d52ad97f370b9"},
    {file = "frozendict-2.4.6.tar.gz", hash = "sha256:df7cd16470fbd26fc4969a208efadc46319334eb97def1ddf48919b351192b8e"},
]

[[package]]
name = "inflect"
version = "7.5.0"
requires_python = ">=3.9"
summary = "Correctly generate plurals, singular nouns, ordinals, indefinite articles"
groups = ["default"]
marker = "python_version >= \"3.11\" and python_version <= \"3.12\""
dependencies = [
    "more-itertools>=8.5.0",
    "typeguard>=4.0.1",
    "typing-extensions; python_version < \"3.9\"",
]
files = [
    {file = "inflect-7.5.0-py3-none-any.whl", hash = "sha256:2aea70e5e70c35d8350b8097396ec155ffd68def678c7ff97f51aa69c1d92344"},
    {file = "inflect-7.5.0.tar.gz", hash = "sha256:faf19801c3742ed5a05a8ce388e0d8fe1a07f8d095c82201eb904f5d27ad571f"},
]

[[package]]
name = "jinja2"
version = "3.1.6"
requires_python = ">=3.7"
summary = "A very fast and expressive template engine."
groups = ["default"]
marker = "python_version >= \"3.11\" and python_version <= \"3.12\""
dependencies = [
    "MarkupSafe>=2.0",
]
files = [
    {file = "jinja2-3.1.6-py3-none-any.whl", hash = "sha256:85ece4451f492d0c13c5dd7c13a64681a86afae63a5f347908daf103ce6d2f67"},
    {file = "jinja2-3.1.6.tar.gz", hash = "sha256:0137fb05990d35f1275a587e9aee6d56da821fc83491a0fb838183be43f66d6d"},
]

[[package]]
name = "lxml"
version = "5.3.2"
requires_python = ">=3.6"
summary = "Powerful and Pythonic XML processing library combining libxml2/libxslt with the ElementTree API."
groups = ["default"]
marker = "python_version >= \"3.11\" and python_version <= \"3.12\""
files = [
    {file = "lxml-5.3.2-cp311-cp311-macosx_10_9_universal2.whl", hash = "sha256:9d61a7d0d208ace43986a92b111e035881c4ed45b1f5b7a270070acae8b0bfb4"},
    {file = "lxml-5.3.2-cp311-cp311-macosx_10_9_x86_64.whl", hash = "sha256:856dfd7eda0b75c29ac80a31a6411ca12209183e866c33faf46e77ace3ce8a79"},
    {file = "lxml-5.3.2-cp311-cp311-manylinux_2_12_i686.manylinux2010_i686.manylinux_2_17_i686.manylinux2014_i686.whl", hash = "sha256:7a01679e4aad0727bedd4c9407d4d65978e920f0200107ceeffd4b019bd48529"},
    {file = "lxml-5.3.2-cp311-cp311-manylinux_2_17_aarch64.manylinux2014_aarch64.whl", hash = "sha256:b6b37b4c3acb8472d191816d4582379f64d81cecbdce1a668601745c963ca5cc"},
    {file = "lxml-5.3.2-cp311-cp311-manylinux_2_17_ppc64le.manylinux2014_ppc64le.whl", hash = "sha256:3df5a54e7b7c31755383f126d3a84e12a4e0333db4679462ef1165d702517477"},
    {file = "lxml-5.3.2-cp311-cp311-manylinux_2_17_s390x.manylinux2014_s390x.whl", hash = "sha256:c09a40f28dcded933dc16217d6a092be0cc49ae25811d3b8e937c8060647c353"},
    {file = "lxml-5.3.2-cp311-cp311-manylinux_2_17_x86_64.manylinux2014_x86_64.whl", hash = "sha256:a1ef20f1851ccfbe6c5a04c67ec1ce49da16ba993fdbabdce87a92926e505412"},
    {file = "lxml-5.3.2-cp311-cp311-manylinux_2_28_aarch64.whl", hash = "sha256:f79a63289dbaba964eb29ed3c103b7911f2dce28c36fe87c36a114e6bd21d7ad"},
    {file = "lxml-5.3.2-cp311-cp311-manylinux_2_28_ppc64le.whl", hash = "sha256:75a72697d95f27ae00e75086aed629f117e816387b74a2f2da6ef382b460b710"},
    {file = "lxml-5.3.2-cp311-cp311-manylinux_2_28_s390x.whl", hash = "sha256:b9b00c9ee1cc3a76f1f16e94a23c344e0b6e5c10bec7f94cf2d820ce303b8c01"},
    {file = "lxml-5.3.2-cp311-cp311-manylinux_2_28_x86_64.whl", hash = "sha256:77cbcab50cbe8c857c6ba5f37f9a3976499c60eada1bf6d38f88311373d7b4bc"},
    {file = "lxml-5.3.2-cp311-cp311-musllinux_1_2_aarch64.whl", hash = "sha256:29424058f072a24622a0a15357bca63d796954758248a72da6d512f9bd9a4493"},
    {file = "lxml-5.3.2-cp311-cp311-musllinux_1_2_ppc64le.whl", hash = "sha256:7d82737a8afe69a7c80ef31d7626075cc7d6e2267f16bf68af2c764b45ed68ab"},
    {file = "lxml-5.3.2-cp311-cp311-musllinux_1_2_s390x.whl", hash = "sha256:95473d1d50a5d9fcdb9321fdc0ca6e1edc164dce4c7da13616247d27f3d21e31"},
    {file = "lxml-5.3.2-cp311-cp311-musllinux_1_2_x86_64.whl", hash = "sha256:2162068f6da83613f8b2a32ca105e37a564afd0d7009b0b25834d47693ce3538"},
    {file = "lxml-5.3.2-cp311-cp311-win32.whl", hash = "sha256:f8695752cf5d639b4e981afe6c99e060621362c416058effd5c704bede9cb5d1"},
    {file = "lxml-5.3.2-cp311-cp311-win_amd64.whl", hash = "sha256:d1a94cbb4ee64af3ab386c2d63d6d9e9cf2e256ac0fd30f33ef0a3c88f575174"},
    {file = "lxml-5.3.2-cp312-cp312-macosx_10_9_universal2.whl", hash = "sha256:16b3897691ec0316a1aa3c6585f61c8b7978475587c5b16fc1d2c28d283dc1b0"},
    {file = "lxml-5.3.2-cp312-cp312-macosx_10_9_x86_64.whl", hash = "sha256:a8d4b34a0eeaf6e73169dcfd653c8d47f25f09d806c010daf074fba2db5e2d3f"},
    {file = "lxml-5.3.2-cp312-cp312-manylinux_2_12_i686.manylinux2010_i686.manylinux_2_17_i686.manylinux2014_i686.whl", hash = "sha256:9cd7a959396da425022e1e4214895b5cfe7de7035a043bcc2d11303792b67554"},
    {file = "lxml-5.3.2-cp312-cp312-manylinux_2_17_aarch64.manylinux2014_aarch64.whl", hash = "sha256:cac5eaeec3549c5df7f8f97a5a6db6963b91639389cdd735d5a806370847732b"},
    {file = "lxml-5.3.2-cp312-cp312-manylinux_2_17_ppc64le.manylinux2014_ppc64le.whl", hash = "sha256:29b5f7d77334877c2146e7bb8b94e4df980325fab0a8af4d524e5d43cd6f789d"},
    {file = "lxml-5.3.2-cp312-cp312-manylinux_2_17_s390x.manylinux2014_s390x.whl", hash = "sha256:13f3495cfec24e3d63fffd342cc8141355d1d26ee766ad388775f5c8c5ec3932"},
    {file = "lxml-5.3.2-cp312-cp312-manylinux_2_17_x86_64.manylinux2014_x86_64.whl", hash = "sha256:e70ad4c9658beeff99856926fd3ee5fde8b519b92c693f856007177c36eb2e30"},
    {file = "lxml-5.3.2-cp312-cp312-manylinux_2_28_aarch64.whl", hash = "sha256:507085365783abd7879fa0a6fa55eddf4bdd06591b17a2418403bb3aff8a267d"},
    {file = "lxml-5.3.2-cp312-cp312-manylinux_2_28_ppc64le.whl", hash = "sha256:5bb304f67cbf5dfa07edad904732782cbf693286b9cd85af27059c5779131050"},
    {file = "lxml-5.3.2-cp312-cp312-manylinux_2_28_s390x.whl", hash = "sha256:3d84f5c093645c21c29a4e972b84cb7cf682f707f8706484a5a0c7ff13d7a988"},
    {file = "lxml-5.3.2-cp312-cp312-manylinux_2_28_x86_64.whl", hash = "sha256:bdc13911db524bd63f37b0103af014b7161427ada41f1b0b3c9b5b5a9c1ca927"},
    {file = "lxml-5.3.2-cp312-cp312-musllinux_1_2_aarch64.whl", hash = "sha256:1ec944539543f66ebc060ae180d47e86aca0188bda9cbfadff47d86b0dc057dc"},
    {file = "lxml-5.3.2-cp312-cp312-musllinux_1_2_ppc64le.whl", hash = "sha256:59d437cc8a7f838282df5a199cf26f97ef08f1c0fbec6e84bd6f5cc2b7913f6e"},
    {file = "lxml-5.3.2-cp312-cp312-musllinux_1_2_s390x.whl", hash = "sha256:0e275961adbd32e15672e14e0cc976a982075208224ce06d149c92cb43db5b93"},
    {file = "lxml-5.3.2-cp312-cp312-musllinux_1_2_x86_64.whl", hash = "sha256:038aeb6937aa404480c2966b7f26f1440a14005cb0702078c173c028eca72c31"},
    {file = "lxml-5.3.2-cp312-cp312-win32.whl", hash = "sha256:3c2c8d0fa3277147bff180e3590be67597e17d365ce94beb2efa3138a2131f71"},
    {file = "lxml-5.3.2-cp312-cp312-win_amd64.whl", hash = "sha256:77809fcd97dfda3f399102db1794f7280737b69830cd5c961ac87b3c5c05662d"},
    {file = "lxml-5.3.2.tar.gz", hash = "sha256:773947d0ed809ddad824b7b14467e1a481b8976e87278ac4a730c2f7c7fcddc1"},
]

[[package]]
name = "markupsafe"
version = "3.0.2"
requires_python = ">=3.9"
summary = "Safely add untrusted strings to HTML/XML markup."
groups = ["default"]
marker = "python_version >= \"3.11\" and python_version <= \"3.12\""
files = [
    {file = "MarkupSafe-3.0.2-cp311-cp311-macosx_10_9_universal2.whl", hash = "sha256:9025b4018f3a1314059769c7bf15441064b2207cb3f065e6ea1e7359cb46db9d"},
    {file = "MarkupSafe-3.0.2-cp311-cp311-macosx_11_0_arm64.whl", hash = "sha256:93335ca3812df2f366e80509ae119189886b0f3c2b81325d39efdb84a1e2ae93"},
    {file = "MarkupSafe-3.0.2-cp311-cp311-manylinux_2_17_aarch64.manylinux2014_aarch64.whl", hash = "sha256:2cb8438c3cbb25e220c2ab33bb226559e7afb3baec11c4f218ffa7308603c832"},
    {file = "MarkupSafe-3.0.2-cp311-cp311-manylinux_2_17_x86_64.manylinux2014_x86_64.whl", hash = "sha256:a123e330ef0853c6e822384873bef7507557d8e4a082961e1defa947aa59ba84"},
    {file = "MarkupSafe-3.0.2-cp311-cp311-manylinux_2_5_i686.manylinux1_i686.manylinux_2_17_i686.manylinux2014_i686.whl", hash = "sha256:1e084f686b92e5b83186b07e8a17fc09e38fff551f3602b249881fec658d3eca"},
    {file = "MarkupSafe-3.0.2-cp311-cp311-musllinux_1_2_aarch64.whl", hash = "sha256:d8213e09c917a951de9d09ecee036d5c7d36cb6cb7dbaece4c71a60d79fb9798"},
    {file = "MarkupSafe-3.0.2-cp311-cp311-musllinux_1_2_i686.whl", hash = "sha256:5b02fb34468b6aaa40dfc198d813a641e3a63b98c2b05a16b9f80b7ec314185e"},
    {file = "MarkupSafe-3.0.2-cp311-cp311-musllinux_1_2_x86_64.whl", hash = "sha256:0bff5e0ae4ef2e1ae4fdf2dfd5b76c75e5c2fa4132d05fc1b0dabcd20c7e28c4"},
    {file = "MarkupSafe-3.0.2-cp311-cp311-win32.whl", hash = "sha256:6c89876f41da747c8d3677a2b540fb32ef5715f97b66eeb0c6b66f5e3ef6f59d"},
    {file = "MarkupSafe-3.0.2-cp311-cp311-win_amd64.whl", hash = "sha256:70a87b411535ccad5ef2f1df5136506a10775d267e197e4cf531ced10537bd6b"},
    {file = "MarkupSafe-3.0.2-cp312-cp312-macosx_10_13_universal2.whl", hash = "sha256:9778bd8ab0a994ebf6f84c2b949e65736d5575320a17ae8984a77fab08db94cf"},
    {file = "MarkupSafe-3.0.2-cp312-cp312-macosx_11_0_arm64.whl", hash = "sha256:846ade7b71e3536c4e56b386c2a47adf5741d2d8b94ec9dc3e92e5e1ee1e2225"},
    {file = "MarkupSafe-3.0.2-cp312-cp312-manylinux_2_17_aarch64.manylinux2014_aarch64.whl", hash = "sha256:1c99d261bd2d5f6b59325c92c73df481e05e57f19837bdca8413b9eac4bd8028"},
    {file = "MarkupSafe-3.0.2-cp312-cp312-manylinux_2_17_x86_64.manylinux2014_x86_64.whl", hash = "sha256:e17c96c14e19278594aa4841ec148115f9c7615a47382ecb6b82bd8fea3ab0c8"},
    {file = "MarkupSafe-3.0.2-cp312-cp312-manylinux_2_5_i686.manylinux1_i686.manylinux_2_17_i686.manylinux2014_i686.whl", hash = "sha256:88416bd1e65dcea10bc7569faacb2c20ce071dd1f87539ca2ab364bf6231393c"},
    {file = "MarkupSafe-3.0.2-cp312-cp312-musllinux_1_2_aarch64.whl", hash = "sha256:2181e67807fc2fa785d0592dc2d6206c019b9502410671cc905d132a92866557"},
    {file = "MarkupSafe-3.0.2-cp312-cp312-musllinux_1_2_i686.whl", hash = "sha256:52305740fe773d09cffb16f8ed0427942901f00adedac82ec8b67752f58a1b22"},
    {file = "MarkupSafe-3.0.2-cp312-cp312-musllinux_1_2_x86_64.whl", hash = "sha256:ad10d3ded218f1039f11a75f8091880239651b52e9bb592ca27de44eed242a48"},
    {file = "MarkupSafe-3.0.2-cp312-cp312-win32.whl", hash = "sha256:0f4ca02bea9a23221c0182836703cbf8930c5e9454bacce27e767509fa286a30"},
    {file = "MarkupSafe-3.0.2-cp312-cp312-win_amd64.whl", hash = "sha256:8e06879fc22a25ca47312fbe7c8264eb0b662f6db27cb2d3bbbc74b1df4b9b87"},
    {file = "markupsafe-3.0.2.tar.gz", hash = "sha256:ee55d3edf80167e48ea11a923c7386f4669df67d7994554387f84e7d8b0a2bf0"},
]

[[package]]
name = "momapy"
version = "0.1.0"
requires_python = ">=3.10"
git = "http://github.com/adrienrougny/momapy.git"
ref = "develop"
revision = "ddcb4513c9f2e2cecfa987329d114c84f24067ad"
summary = "A library for working with molecular maps"
groups = ["default"]
marker = "python_version >= \"3.11\" and python_version <= \"3.12\""
dependencies = [
    "bezier>=2023.7.28",
    "colorama>=0.4.6",
    "frozendict>=2.3.10",
    "lxml>=5.3.2",
    "numpy>=1.26.2",
    "pycairo>=1.25.1",
    "pygobject>=3.46.0",
    "pyparsing>=3.1.1",
    "shapely>=2.0.2",
    "skia-python>=87.5",
]

[[package]]
name = "momapy-kb"
version = "0.1.0"
requires_python = ">=3.10"
git = "http://github.com/adrienrougny/momapy_kb.git"
revision = "0d7220781223d148dda970b7938584e8a205a6db"
summary = "Momapy maps to KB"
groups = ["default"]
marker = "python_version >= \"3.11\" and python_version <= \"3.12\""
dependencies = [
    "colorama>=0.4.6",
    "frozendict>=2.4.6",
    "inflect>=7.2.0",
    "jinja2>=3.1.3",
    "momapy @ git+http://github.com/adrienrougny/momapy.git@develop",
    "neomodel>=5.2.1",
]

[[package]]
name = "more-itertools"
version = "10.6.0"
requires_python = ">=3.9"
summary = "More routines for operating on iterables, beyond itertools"
groups = ["default"]
marker = "python_version >= \"3.11\" and python_version <= \"3.12\""
files = [
    {file = "more-itertools-10.6.0.tar.gz", hash = "sha256:2cd7fad1009c31cc9fb6a035108509e6547547a7a738374f10bd49a09eb3ee3b"},
    {file = "more_itertools-10.6.0-py3-none-any.whl", hash = "sha256:6eb054cb4b6db1473f6e15fcc676a08e4732548acd47c708f0e179c2c7c01e89"},
]

[[package]]
name = "neo4j"
version = "5.28.1"
requires_python = ">=3.7"
summary = "Neo4j Bolt driver for Python"
groups = ["default"]
marker = "python_version >= \"3.11\" and python_version <= \"3.12\""
dependencies = [
    "pytz",
]
files = [
    {file = "neo4j-5.28.1-py3-none-any.whl", hash = "sha256:6755ef9e5f4e14b403aef1138fb6315b120631a0075c138b5ddb2a06b87b09fd"},
    {file = "neo4j-5.28.1.tar.gz", hash = "sha256:ae8e37a1d895099062c75bc359b2cce62099baac7be768d0eba7180c1298e214"},
]

[[package]]
name = "neomodel"
version = "5.4.5"
requires_python = ">=3.9"
summary = "An object mapper for the neo4j graph database."
groups = ["default"]
marker = "python_version >= \"3.11\" and python_version <= \"3.12\""
dependencies = [
    "neo4j~=5.28.1",
]
files = [
    {file = "neomodel-5.4.5-py3-none-any.whl", hash = "sha256:872cd0ec79a98483f46ad8904e5fd3b9fb36671d1d0f2f1ec9dc78056d02db90"},
    {file = "neomodel-5.4.5.tar.gz", hash = "sha256:9bf314e7e8e36ebfa773ef9eae5fb6c07b304de802394acacae157d15457cc8c"},
]

[[package]]
name = "numpy"
version = "2.2.3"
requires_python = ">=3.10"
summary = "Fundamental package for array computing in Python"
groups = ["default"]
marker = "python_version >= \"3.11\" and python_version <= \"3.12\""
files = [
    {file = "numpy-2.2.3-cp311-cp311-macosx_10_9_x86_64.whl", hash = "sha256:16372619ee728ed67a2a606a614f56d3eabc5b86f8b615c79d01957062826ca8"},
    {file = "numpy-2.2.3-cp311-cp311-macosx_11_0_arm64.whl", hash = "sha256:5521a06a3148686d9269c53b09f7d399a5725c47bbb5b35747e1cb76326b714b"},
    {file = "numpy-2.2.3-cp311-cp311-macosx_14_0_arm64.whl", hash = "sha256:7c8dde0ca2f77828815fd1aedfdf52e59071a5bae30dac3b4da2a335c672149a"},
    {file = "numpy-2.2.3-cp311-cp311-macosx_14_0_x86_64.whl", hash = "sha256:77974aba6c1bc26e3c205c2214f0d5b4305bdc719268b93e768ddb17e3fdd636"},
    {file = "numpy-2.2.3-cp311-cp311-manylinux_2_17_aarch64.manylinux2014_aarch64.whl", hash = "sha256:d42f9c36d06440e34226e8bd65ff065ca0963aeecada587b937011efa02cdc9d"},
    {file = "numpy-2.2.3-cp311-cp311-manylinux_2_17_x86_64.manylinux2014_x86_64.whl", hash = "sha256:f2712c5179f40af9ddc8f6727f2bd910ea0eb50206daea75f58ddd9fa3f715bb"},
    {file = "numpy-2.2.3-cp311-cp311-musllinux_1_2_aarch64.whl", hash = "sha256:c8b0451d2ec95010d1db8ca733afc41f659f425b7f608af569711097fd6014e2"},
    {file = "numpy-2.2.3-cp311-cp311-musllinux_1_2_x86_64.whl", hash = "sha256:d9b4a8148c57ecac25a16b0e11798cbe88edf5237b0df99973687dd866f05e1b"},
    {file = "numpy-2.2.3-cp311-cp311-win32.whl", hash = "sha256:1f45315b2dc58d8a3e7754fe4e38b6fce132dab284a92851e41b2b344f6441c5"},
    {file = "numpy-2.2.3-cp311-cp311-win_amd64.whl", hash = "sha256:9f48ba6f6c13e5e49f3d3efb1b51c8193215c42ac82610a04624906a9270be6f"},
    {file = "numpy-2.2.3-cp312-cp312-macosx_10_13_x86_64.whl", hash = "sha256:12c045f43b1d2915eca6b880a7f4a256f59d62df4f044788c8ba67709412128d"},
    {file = "numpy-2.2.3-cp312-cp312-macosx_11_0_arm64.whl", hash = "sha256:87eed225fd415bbae787f93a457af7f5990b92a334e346f72070bf569b9c9c95"},
    {file = "numpy-2.2.3-cp312-cp312-macosx_14_0_arm64.whl", hash = "sha256:712a64103d97c404e87d4d7c47fb0c7ff9acccc625ca2002848e0d53288b90ea"},
    {file = "numpy-2.2.3-cp312-cp312-macosx_14_0_x86_64.whl", hash = "sha256:a5ae282abe60a2db0fd407072aff4599c279bcd6e9a2475500fc35b00a57c532"},
    {file = "numpy-2.2.3-cp312-cp312-manylinux_2_17_aarch64.manylinux2014_aarch64.whl", hash = "sha256:5266de33d4c3420973cf9ae3b98b54a2a6d53a559310e3236c4b2b06b9c07d4e"},
    {file = "numpy-2.2.3-cp312-cp312-manylinux_2_17_x86_64.manylinux2014_x86_64.whl", hash = "sha256:3b787adbf04b0db1967798dba8da1af07e387908ed1553a0d6e74c084d1ceafe"},
    {file = "numpy-2.2.3-cp312-cp312-musllinux_1_2_aarch64.whl", hash = "sha256:34c1b7e83f94f3b564b35f480f5652a47007dd91f7c839f404d03279cc8dd021"},
    {file = "numpy-2.2.3-cp312-cp312-musllinux_1_2_x86_64.whl", hash = "sha256:4d8335b5f1b6e2bce120d55fb17064b0262ff29b459e8493d1785c18ae2553b8"},
    {file = "numpy-2.2.3-cp312-cp312-win32.whl", hash = "sha256:4d9828d25fb246bedd31e04c9e75714a4087211ac348cb39c8c5f99dbb6683fe"},
    {file = "numpy-2.2.3-cp312-cp312-win_amd64.whl", hash = "sha256:83807d445817326b4bcdaaaf8e8e9f1753da04341eceec705c001ff342002e5d"},
    {file = "numpy-2.2.3.tar.gz", hash = "sha256:dbdc15f0c81611925f382dfa97b3bd0bc2c1ce19d4fe50482cb0ddc12ba30020"},
]

[[package]]
name = "packaging"
version = "24.2"
requires_python = ">=3.8"
summary = "Core utilities for Python packages"
groups = ["default"]
marker = "python_version >= \"3.11\" and python_version <= \"3.12\" and platform_system == \"Windows\""
files = [
    {file = "packaging-24.2-py3-none-any.whl", hash = "sha256:09abb1bccd265c01f4a3aa3f7a7db064b36514d2cba19a2f694fe6150451a759"},
    {file = "packaging-24.2.tar.gz", hash = "sha256:c228a6dc5e932d346bc5739379109d49e8853dd8223571c7c5b55260edc0b97f"},
]

[[package]]
name = "pandas"
version = "2.2.3"
requires_python = ">=3.9"
summary = "Powerful data structures for data analysis, time series, and statistics"
groups = ["default"]
marker = "python_version >= \"3.11\" and python_version <= \"3.12\""
dependencies = [
    "numpy>=1.22.4; python_version < \"3.11\"",
    "numpy>=1.23.2; python_version == \"3.11\"",
    "numpy>=1.26.0; python_version >= \"3.12\"",
    "python-dateutil>=2.8.2",
    "pytz>=2020.1",
    "tzdata>=2022.7",
]
files = [
    {file = "pandas-2.2.3-cp311-cp311-macosx_10_9_x86_64.whl", hash = "sha256:66108071e1b935240e74525006034333f98bcdb87ea116de573a6a0dccb6c039"},
    {file = "pandas-2.2.3-cp311-cp311-macosx_11_0_arm64.whl", hash = "sha256:7c2875855b0ff77b2a64a0365e24455d9990730d6431b9e0ee18ad8acee13dbd"},
    {file = "pandas-2.2.3-cp311-cp311-manylinux2014_aarch64.manylinux_2_17_aarch64.whl", hash = "sha256:cd8d0c3be0515c12fed0bdbae072551c8b54b7192c7b1fda0ba56059a0179698"},
    {file = "pandas-2.2.3-cp311-cp311-manylinux_2_17_x86_64.manylinux2014_x86_64.whl", hash = "sha256:c124333816c3a9b03fbeef3a9f230ba9a737e9e5bb4060aa2107a86cc0a497fc"},
    {file = "pandas-2.2.3-cp311-cp311-musllinux_1_2_aarch64.whl", hash = "sha256:63cc132e40a2e084cf01adf0775b15ac515ba905d7dcca47e9a251819c575ef3"},
    {file = "pandas-2.2.3-cp311-cp311-musllinux_1_2_x86_64.whl", hash = "sha256:29401dbfa9ad77319367d36940cd8a0b3a11aba16063e39632d98b0e931ddf32"},
    {file = "pandas-2.2.3-cp311-cp311-win_amd64.whl", hash = "sha256:3fc6873a41186404dad67245896a6e440baacc92f5b716ccd1bc9ed2995ab2c5"},
    {file = "pandas-2.2.3-cp312-cp312-macosx_10_9_x86_64.whl", hash = "sha256:b1d432e8d08679a40e2a6d8b2f9770a5c21793a6f9f47fdd52c5ce1948a5a8a9"},
    {file = "pandas-2.2.3-cp312-cp312-macosx_11_0_arm64.whl", hash = "sha256:a5a1595fe639f5988ba6a8e5bc9649af3baf26df3998a0abe56c02609392e0a4"},
    {file = "pandas-2.2.3-cp312-cp312-manylinux2014_aarch64.manylinux_2_17_aarch64.whl", hash = "sha256:5de54125a92bb4d1c051c0659e6fcb75256bf799a732a87184e5ea503965bce3"},
    {file = "pandas-2.2.3-cp312-cp312-manylinux_2_17_x86_64.manylinux2014_x86_64.whl", hash = "sha256:fffb8ae78d8af97f849404f21411c95062db1496aeb3e56f146f0355c9989319"},
    {file = "pandas-2.2.3-cp312-cp312-musllinux_1_2_aarch64.whl", hash = "sha256:6dfcb5ee8d4d50c06a51c2fffa6cff6272098ad6540aed1a76d15fb9318194d8"},
    {file = "pandas-2.2.3-cp312-cp312-musllinux_1_2_x86_64.whl", hash = "sha256:062309c1b9ea12a50e8ce661145c6aab431b1e99530d3cd60640e255778bd43a"},
    {file = "pandas-2.2.3-cp312-cp312-win_amd64.whl", hash = "sha256:59ef3764d0fe818125a5097d2ae867ca3fa64df032331b7e0917cf5d7bf66b13"},
    {file = "pandas-2.2.3.tar.gz", hash = "sha256:4f18ba62b61d7e192368b84517265a99b4d7ee8912f8708660fb4a366cc82667"},
]

[[package]]
name = "pybind11"
version = "2.13.6"
requires_python = ">=3.7"
summary = "Seamless operability between C++11 and Python"
groups = ["default"]
marker = "python_version >= \"3.11\" and python_version <= \"3.12\""
files = [
    {file = "pybind11-2.13.6-py3-none-any.whl", hash = "sha256:237c41e29157b962835d356b370ededd57594a26d5894a795960f0047cb5caf5"},
    {file = "pybind11-2.13.6.tar.gz", hash = "sha256:ba6af10348c12b24e92fa086b39cfba0eff619b61ac77c406167d813b096d39a"},
]

[[package]]
name = "pycairo"
version = "1.28.0"
requires_python = ">=3.9"
summary = "Python interface for cairo"
groups = ["default"]
marker = "python_version >= \"3.11\" and python_version <= \"3.12\""
files = [
    {file = "pycairo-1.28.0-cp311-cp311-win32.whl", hash = "sha256:0fee15f5d72b13ba5fd065860312493dc1bca6ff2dce200ee9d704e11c94e60a"},
    {file = "pycairo-1.28.0-cp311-cp311-win_amd64.whl", hash = "sha256:6339979bfec8b58a06476094a9a5c104bd5a99932ddaff16ca0d9203d2f4482c"},
    {file = "pycairo-1.28.0-cp312-cp312-win32.whl", hash = "sha256:c00cfbb7f30eb7ca1d48886712932e2d91e8835a8496f4e423878296ceba573e"},
    {file = "pycairo-1.28.0-cp312-cp312-win_amd64.whl", hash = "sha256:d50d190f5033992b55050b9f337ee42a45c3568445d5e5d7987bab96c278d8a6"},
    {file = "pycairo-1.28.0.tar.gz", hash = "sha256:26ec5c6126781eb167089a123919f87baa2740da2cca9098be8b3a6b91cc5fbc"},
]

[[package]]
name = "pycparser"
version = "2.22"
requires_python = ">=3.8"
summary = "C parser in Python"
groups = ["default"]
marker = "python_version >= \"3.11\" and python_version <= \"3.12\""
files = [
    {file = "pycparser-2.22-py3-none-any.whl", hash = "sha256:c3702b6d3dd8c7abc1afa565d7e63d53a1d0bd86cdc24edd75470f4de499cfcc"},
    {file = "pycparser-2.22.tar.gz", hash = "sha256:491c8be9c040f5390f5bf44a5b07752bd07f56edf992381b05c701439eec10f6"},
]

[[package]]
name = "pygobject"
version = "3.52.3"
requires_python = "<4.0,>=3.9"
summary = "Python bindings for GObject Introspection"
groups = ["default"]
marker = "python_version >= \"3.11\" and python_version <= \"3.12\""
dependencies = [
    "pycairo>=1.16",
]
files = [
    {file = "pygobject-3.52.3.tar.gz", hash = "sha256:00e427d291e957462a8fad659a9f9c8be776ff82a8b76bdf402f1eaeec086d82"},
]

[[package]]
name = "pygraphviz"
version = "1.14"
requires_python = ">=3.10"
summary = "Python interface to Graphviz"
groups = ["default"]
marker = "python_version >= \"3.11\" and python_version <= \"3.12\""
files = [
    {file = "pygraphviz-1.14.tar.gz", hash = "sha256:c10df02377f4e39b00ae17c862f4ee7e5767317f1c6b2dfd04cea6acc7fc2bea"},
]

[[package]]
name = "pyparsing"
version = "3.2.3"
requires_python = ">=3.9"
summary = "pyparsing module - Classes and methods to define and execute parsing grammars"
groups = ["default"]
marker = "python_version >= \"3.11\" and python_version <= \"3.12\""
files = [
    {file = "pyparsing-3.2.3-py3-none-any.whl", hash = "sha256:a749938e02d6fd0b59b356ca504a24982314bb090c383e3cf201c95ef7e2bfcf"},
    {file = "pyparsing-3.2.3.tar.gz", hash = "sha256:b9c13f1ab8b3b542f72e28f634bad4de758ab3ce4546e4301970ad6fa77c38be"},
]

[[package]]
name = "python-dateutil"
version = "2.9.0.post0"
requires_python = "!=3.0.*,!=3.1.*,!=3.2.*,>=2.7"
summary = "Extensions to the standard Python datetime module"
groups = ["default"]
marker = "python_version >= \"3.11\" and python_version <= \"3.12\""
dependencies = [
    "six>=1.5",
]
files = [
    {file = "python-dateutil-2.9.0.post0.tar.gz", hash = "sha256:37dd54208da7e1cd875388217d5e00ebd4179249f90fb72437e91a35459a0ad3"},
    {file = "python_dateutil-2.9.0.post0-py2.py3-none-any.whl", hash = "sha256:a8b2bc7bffae282281c8140a97d3aa9c14da0b136dfe83f850eea9a5f7470427"},
]

[[package]]
name = "pytz"
version = "2025.1"
summary = "World timezone definitions, modern and historical"
groups = ["default"]
marker = "python_version >= \"3.11\" and python_version <= \"3.12\""
files = [
    {file = "pytz-2025.1-py2.py3-none-any.whl", hash = "sha256:89dd22dca55b46eac6eda23b2d72721bf1bdfef212645d81513ef5d03038de57"},
    {file = "pytz-2025.1.tar.gz", hash = "sha256:c2db42be2a2518b28e65f9207c4d05e6ff547d1efa4086469ef855e4ab70178e"},
]

[[package]]
name = "rpy2"
version = "3.5.17"
requires_python = ">=3.7"
summary = "Python interface to the R language (embedded R)"
groups = ["default"]
marker = "python_version >= \"3.11\" and python_version <= \"3.12\""
dependencies = [
    "backports-zoneinfo; python_version < \"3.9\"",
    "cffi>=1.15.1",
    "jinja2",
    "packaging; platform_system == \"Windows\"",
    "typing-extensions; python_version < \"3.8\"",
    "tzlocal",
]
files = [
    {file = "rpy2-3.5.17.tar.gz", hash = "sha256:dbff08c30f3d79161922623858a5b3b68a3fba8ee1747d6af41bc4ba68f3d582"},
]

[[package]]
name = "shapely"
version = "2.1.0"
requires_python = ">=3.10"
summary = "Manipulation and analysis of geometric objects"
groups = ["default"]
marker = "python_version >= \"3.11\" and python_version <= \"3.12\""
dependencies = [
    "numpy>=1.21",
]
files = [
    {file = "shapely-2.1.0-cp311-cp311-macosx_10_9_x86_64.whl", hash = "sha256:c8323031ef7c1bdda7a92d5ddbc7b6b62702e73ba37e9a8ccc8da99ec2c0b87c"},
    {file = "shapely-2.1.0-cp311-cp311-macosx_11_0_arm64.whl", hash = "sha256:4da7c6cd748d86ec6aace99ad17129d30954ccf5e73e9911cdb5f0fa9658b4f8"},
    {file = "shapely-2.1.0-cp311-cp311-manylinux_2_17_aarch64.manylinux2014_aarch64.whl", hash = "sha256:1f0cdf85ff80831137067e7a237085a3ee72c225dba1b30beef87f7d396cf02b"},
    {file = "shapely-2.1.0-cp311-cp311-manylinux_2_17_x86_64.manylinux2014_x86_64.whl", hash = "sha256:41f2be5d79aac39886f23000727cf02001aef3af8810176c29ee12cdc3ef3a50"},
    {file = "shapely-2.1.0-cp311-cp311-musllinux_1_2_aarch64.whl", hash = "sha256:21a4515009f56d7a159cf5c2554264e82f56405b4721f9a422cb397237c5dca8"},
    {file = "shapely-2.1.0-cp311-cp311-musllinux_1_2_x86_64.whl", hash = "sha256:15cebc323cec2cb6b2eaa310fdfc621f6dbbfaf6bde336d13838fcea76c885a9"},
    {file = "shapely-2.1.0-cp311-cp311-win32.whl", hash = "sha256:cad51b7a5c8f82f5640472944a74f0f239123dde9a63042b3c5ea311739b7d20"},
    {file = "shapely-2.1.0-cp311-cp311-win_amd64.whl", hash = "sha256:d4005309dde8658e287ad9c435c81877f6a95a9419b932fa7a1f34b120f270ae"},
    {file = "shapely-2.1.0-cp312-cp312-macosx_10_13_x86_64.whl", hash = "sha256:53e7ee8bd8609cf12ee6dce01ea5affe676976cf7049315751d53d8db6d2b4b2"},
    {file = "shapely-2.1.0-cp312-cp312-macosx_11_0_arm64.whl", hash = "sha256:3cab20b665d26dbec0b380e15749bea720885a481fa7b1eedc88195d4a98cfa4"},
    {file = "shapely-2.1.0-cp312-cp312-manylinux_2_17_aarch64.manylinux2014_aarch64.whl", hash = "sha256:f4a38b39a09340273c3c92b3b9a374272a12cc7e468aeeea22c1c46217a03e5c"},
    {file = "shapely-2.1.0-cp312-cp312-manylinux_2_17_x86_64.manylinux2014_x86_64.whl", hash = "sha256:edaec656bdd9b71278b98e6f77c464b1c3b2daa9eace78012ff0f0b4b5b15b04"},
    {file = "shapely-2.1.0-cp312-cp312-musllinux_1_2_aarch64.whl", hash = "sha256:c8a732ddd9b25e7a54aa748e7df8fd704e23e5d5d35b7d376d80bffbfc376d04"},
    {file = "shapely-2.1.0-cp312-cp312-musllinux_1_2_x86_64.whl", hash = "sha256:9c93693ad8adfdc9138a5a2d42da02da94f728dd2e82d2f0f442f10e25027f5f"},
    {file = "shapely-2.1.0-cp312-cp312-win32.whl", hash = "sha256:d8ac6604eefe807e71a908524de23a37920133a1729fe3a4dfe0ed82c044cbf4"},
    {file = "shapely-2.1.0-cp312-cp312-win_amd64.whl", hash = "sha256:f4f47e631aa4f9ec5576eac546eb3f38802e2f82aeb0552f9612cb9a14ece1db"},
    {file = "shapely-2.1.0.tar.gz", hash = "sha256:2cbe90e86fa8fc3ca8af6ffb00a77b246b918c7cf28677b7c21489b678f6b02e"},
]

[[package]]
name = "six"
version = "1.17.0"
requires_python = "!=3.0.*,!=3.1.*,!=3.2.*,>=2.7"
summary = "Python 2 and 3 compatibility utilities"
groups = ["default"]
marker = "python_version >= \"3.11\" and python_version <= \"3.12\""
files = [
    {file = "six-1.17.0-py2.py3-none-any.whl", hash = "sha256:4721f391ed90541fddacab5acf947aa0d3dc7d27b2e1e8eda2be8970586c3274"},
    {file = "six-1.17.0.tar.gz", hash = "sha256:ff70335d468e7eb6ec65b95b99d3a2836546063f63acc5171de367e834932a81"},
]

[[package]]
name = "skia-python"
version = "87.8"
summary = "Skia python binding"
groups = ["default"]
marker = "python_version >= \"3.11\" and python_version <= \"3.12\""
dependencies = [
    "numpy",
    "pybind11>=2.6",
]
files = [
    {file = "skia_python-87.8-cp311-cp311-macosx_11_0_arm64.whl", hash = "sha256:6a3826339fdd2bad26fb3ede236988db8b52849063e2b0ce28509b88ff029cbf"},
    {file = "skia_python-87.8-cp311-cp311-macosx_11_0_x86_64.whl", hash = "sha256:db76841ea171ce5350fb3274ed332572dbfb087a1575f800835e16f54a2acebf"},
    {file = "skia_python-87.8-cp311-cp311-manylinux_2_28_aarch64.whl", hash = "sha256:0b8e27fed830ab4612510b1e5c9a58b05d9fc5c3423e156d41002de94eaeec5e"},
    {file = "skia_python-87.8-cp311-cp311-manylinux_2_28_x86_64.whl", hash = "sha256:8540a14dcf5ba548494a39e198768b4a8b1a63c51bbbb0a3363745f329a3181f"},
    {file = "skia_python-87.8-cp311-cp311-win_amd64.whl", hash = "sha256:618b181f4228e1de4a2d4bf9c87272f2f8427a424dcc89bd10aa1ddf74f14210"},
    {file = "skia_python-87.8-cp312-cp312-macosx_11_0_arm64.whl", hash = "sha256:d4c170891334d3d2b3a91093a9193256d1769b573eb084a663b98c950345b4b2"},
    {file = "skia_python-87.8-cp312-cp312-macosx_11_0_x86_64.whl", hash = "sha256:a8aa88728d7a6085a4d81700aae253e3ff5c91cc5723ef21713d4fd157506159"},
    {file = "skia_python-87.8-cp312-cp312-manylinux_2_28_aarch64.whl", hash = "sha256:0448ab9336995e6abe6bbfa3407a0ed6f6f53f24481853d840dc6f0cbbc1d6d1"},
    {file = "skia_python-87.8-cp312-cp312-manylinux_2_28_x86_64.whl", hash = "sha256:c28d2c18088addcbce317a2df76b3d4c945e2f9c802c655f04c82a1d9582f83a"},
    {file = "skia_python-87.8-cp312-cp312-win_amd64.whl", hash = "sha256:6ac7819b28e45fdd43c76551d594abc633894be043b59b89706bb7c9cdf45d43"},
]

[[package]]
name = "typeguard"
version = "4.4.2"
requires_python = ">=3.9"
summary = "Run-time type checker for Python"
groups = ["default"]
marker = "python_version >= \"3.11\" and python_version <= \"3.12\""
dependencies = [
    "importlib-metadata>=3.6; python_version < \"3.10\"",
    "typing-extensions>=4.10.0",
]
files = [
    {file = "typeguard-4.4.2-py3-none-any.whl", hash = "sha256:77a78f11f09777aeae7fa08585f33b5f4ef0e7335af40005b0c422ed398ff48c"},
    {file = "typeguard-4.4.2.tar.gz", hash = "sha256:a6f1065813e32ef365bc3b3f503af8a96f9dd4e0033a02c28c4a4983de8c6c49"},
]

[[package]]
name = "typing-extensions"
version = "4.13.2"
requires_python = ">=3.8"
summary = "Backported and Experimental Type Hints for Python 3.8+"
groups = ["default"]
marker = "python_version >= \"3.11\" and python_version <= \"3.12\""
files = [
    {file = "typing_extensions-4.13.2-py3-none-any.whl", hash = "sha256:a439e7c04b49fec3e5d3e2beaa21755cadbbdc391694e28ccdd36ca4a1408f8c"},
    {file = "typing_extensions-4.13.2.tar.gz", hash = "sha256:e6c81219bd689f51865d9e372991c540bda33a0379d5573cddb9a3a23f7caaef"},
]

[[package]]
name = "tzdata"
version = "2025.1"
requires_python = ">=2"
summary = "Provider of IANA time zone data"
groups = ["default"]
marker = "python_version >= \"3.11\" and python_version <= \"3.12\""
files = [
    {file = "tzdata-2025.1-py2.py3-none-any.whl", hash = "sha256:7e127113816800496f027041c570f50bcd464a020098a3b6b199517772303639"},
    {file = "tzdata-2025.1.tar.gz", hash = "sha256:24894909e88cdb28bd1636c6887801df64cb485bd593f2fd83ef29075a81d694"},
]

[[package]]
name = "tzlocal"
version = "5.3.1"
requires_python = ">=3.9"
summary = "tzinfo object for the local timezone"
groups = ["default"]
marker = "python_version >= \"3.11\" and python_version <= \"3.12\""
dependencies = [
    "tzdata; platform_system == \"Windows\"",
]
files = [
    {file = "tzlocal-5.3.1-py3-none-any.whl", hash = "sha256:eb1a66c3ef5847adf7a834f1be0800581b683b5608e74f86ecbcef8ab91bb85d"},
    {file = "tzlocal-5.3.1.tar.gz", hash = "sha256:cceffc7edecefea1f595541dbd6e990cb1ea3d19bf01b2809f362a03dd7921fd"},
]
